// !$*UTF8*$!
{
	archiveVersion = 1;
	classes = {
	};
	objectVersion = 55;
	objects = {

/* Begin PBXBuildFile section */
		154E309928A7C62600BFF1E0 /* NewReleasesResponse.swift in Sources */ = {isa = PBXBuildFile; fileRef = 154E309828A7C62600BFF1E0 /* NewReleasesResponse.swift */; };
		154E309B28A7D50E00BFF1E0 /* APIImage.swift in Sources */ = {isa = PBXBuildFile; fileRef = 154E309A28A7D50E00BFF1E0 /* APIImage.swift */; };
		154EEFC028A4041700F95954 /* TabBarViewController.swift in Sources */ = {isa = PBXBuildFile; fileRef = 154EEFBF28A4041700F95954 /* TabBarViewController.swift */; };
		154EEFC228A4044E00F95954 /* SearchViewController.swift in Sources */ = {isa = PBXBuildFile; fileRef = 154EEFC128A4044E00F95954 /* SearchViewController.swift */; };
		154EEFC428A4046600F95954 /* LibraryViewController.swift in Sources */ = {isa = PBXBuildFile; fileRef = 154EEFC328A4046600F95954 /* LibraryViewController.swift */; };
		154EEFC828A404A200F95954 /* AuthViewController.swift in Sources */ = {isa = PBXBuildFile; fileRef = 154EEFC728A404A200F95954 /* AuthViewController.swift */; };
		154EEFCA28A404AB00F95954 /* WelcomeViewController.swift in Sources */ = {isa = PBXBuildFile; fileRef = 154EEFC928A404AB00F95954 /* WelcomeViewController.swift */; };
		154EEFCC28A404C900F95954 /* SettingsViewController.swift in Sources */ = {isa = PBXBuildFile; fileRef = 154EEFCB28A404C900F95954 /* SettingsViewController.swift */; };
		154EEFCE28A404E000F95954 /* ProfileViewController.swift in Sources */ = {isa = PBXBuildFile; fileRef = 154EEFCD28A404E000F95954 /* ProfileViewController.swift */; };
		154EEFD028A404EA00F95954 /* PlayerViewController.swift in Sources */ = {isa = PBXBuildFile; fileRef = 154EEFCF28A404EA00F95954 /* PlayerViewController.swift */; };
		154EEFD228A4051100F95954 /* PlayListViewController.swift in Sources */ = {isa = PBXBuildFile; fileRef = 154EEFD128A4051100F95954 /* PlayListViewController.swift */; };
		154EEFD428A4052400F95954 /* SearchResultsViewController.swift in Sources */ = {isa = PBXBuildFile; fileRef = 154EEFD328A4052400F95954 /* SearchResultsViewController.swift */; };
		154EEFD628A4054B00F95954 /* AuthManager.swift in Sources */ = {isa = PBXBuildFile; fileRef = 154EEFD528A4054B00F95954 /* AuthManager.swift */; };
		154EEFD828A4056900F95954 /* APIManager.swift in Sources */ = {isa = PBXBuildFile; fileRef = 154EEFD728A4056900F95954 /* APIManager.swift */; };
		154EEFDA28A4057900F95954 /* HapticManager.swift in Sources */ = {isa = PBXBuildFile; fileRef = 154EEFD928A4057900F95954 /* HapticManager.swift */; };
		154EEFDC28A4059D00F95954 /* PlayList.swift in Sources */ = {isa = PBXBuildFile; fileRef = 154EEFDB28A4059D00F95954 /* PlayList.swift */; };
		154EEFDE28A405AA00F95954 /* AudioTrack.swift in Sources */ = {isa = PBXBuildFile; fileRef = 154EEFDD28A405AA00F95954 /* AudioTrack.swift */; };
		154EEFE028A405B300F95954 /* Artist.swift in Sources */ = {isa = PBXBuildFile; fileRef = 154EEFDF28A405B300F95954 /* Artist.swift */; };
		154EEFE228A405BD00F95954 /* UserProfile.swift in Sources */ = {isa = PBXBuildFile; fileRef = 154EEFE128A405BD00F95954 /* UserProfile.swift */; };
		154EEFE428A413A000F95954 /* Extensions.swift in Sources */ = {isa = PBXBuildFile; fileRef = 154EEFE328A413A000F95954 /* Extensions.swift */; };
		154EEFE628A434D600F95954 /* AuthResponse.swift in Sources */ = {isa = PBXBuildFile; fileRef = 154EEFE528A434D600F95954 /* AuthResponse.swift */; };
		1560814428A679F500834293 /* SettingsModels.swift in Sources */ = {isa = PBXBuildFile; fileRef = 1560814328A679F500834293 /* SettingsModels.swift */; };
		158F375928A6BFBF00555473 /* SDWebImage in Frameworks */ = {isa = PBXBuildFile; productRef = 158F375828A6BFBF00555473 /* SDWebImage */; };
		15B32B6828A7DD1000B2ED8C /* FeaturedPlaylistsResponse.swift in Sources */ = {isa = PBXBuildFile; fileRef = 15B32B6728A7DD1000B2ED8C /* FeaturedPlaylistsResponse.swift */; };
		15B32B6A28A7E71A00B2ED8C /* RecommendedGenresResponse.swift in Sources */ = {isa = PBXBuildFile; fileRef = 15B32B6928A7E71A00B2ED8C /* RecommendedGenresResponse.swift */; };
		15B32B6C28A7EB2C00B2ED8C /* RecommendationsResponse.swift in Sources */ = {isa = PBXBuildFile; fileRef = 15B32B6B28A7EB2C00B2ED8C /* RecommendationsResponse.swift */; };
		15F8DD6D288DB6480006AFB8 /* AppDelegate.swift in Sources */ = {isa = PBXBuildFile; fileRef = 15F8DD6C288DB6480006AFB8 /* AppDelegate.swift */; };
		15F8DD6F288DB6480006AFB8 /* SceneDelegate.swift in Sources */ = {isa = PBXBuildFile; fileRef = 15F8DD6E288DB6480006AFB8 /* SceneDelegate.swift */; };
		15F8DD71288DB6480006AFB8 /* HomeViewController.swift in Sources */ = {isa = PBXBuildFile; fileRef = 15F8DD70288DB6480006AFB8 /* HomeViewController.swift */; };
		15F8DD76288DB64A0006AFB8 /* Assets.xcassets in Resources */ = {isa = PBXBuildFile; fileRef = 15F8DD75288DB64A0006AFB8 /* Assets.xcassets */; };
		15F8DD79288DB64A0006AFB8 /* LaunchScreen.storyboard in Resources */ = {isa = PBXBuildFile; fileRef = 15F8DD77288DB64A0006AFB8 /* LaunchScreen.storyboard */; };
/* End PBXBuildFile section */

/* Begin PBXFileReference section */
		154E309828A7C62600BFF1E0 /* NewReleasesResponse.swift */ = {isa = PBXFileReference; lastKnownFileType = sourcecode.swift; path = NewReleasesResponse.swift; sourceTree = "<group>"; };
		154E309A28A7D50E00BFF1E0 /* APIImage.swift */ = {isa = PBXFileReference; lastKnownFileType = sourcecode.swift; path = APIImage.swift; sourceTree = "<group>"; };
		154EEFBF28A4041700F95954 /* TabBarViewController.swift */ = {isa = PBXFileReference; lastKnownFileType = sourcecode.swift; path = TabBarViewController.swift; sourceTree = "<group>"; };
		154EEFC128A4044E00F95954 /* SearchViewController.swift */ = {isa = PBXFileReference; lastKnownFileType = sourcecode.swift; path = SearchViewController.swift; sourceTree = "<group>"; };
		154EEFC328A4046600F95954 /* LibraryViewController.swift */ = {isa = PBXFileReference; lastKnownFileType = sourcecode.swift; path = LibraryViewController.swift; sourceTree = "<group>"; };
		154EEFC728A404A200F95954 /* AuthViewController.swift */ = {isa = PBXFileReference; lastKnownFileType = sourcecode.swift; path = AuthViewController.swift; sourceTree = "<group>"; };
		154EEFC928A404AB00F95954 /* WelcomeViewController.swift */ = {isa = PBXFileReference; lastKnownFileType = sourcecode.swift; path = WelcomeViewController.swift; sourceTree = "<group>"; };
		154EEFCB28A404C900F95954 /* SettingsViewController.swift */ = {isa = PBXFileReference; lastKnownFileType = sourcecode.swift; path = SettingsViewController.swift; sourceTree = "<group>"; };
		154EEFCD28A404E000F95954 /* ProfileViewController.swift */ = {isa = PBXFileReference; lastKnownFileType = sourcecode.swift; path = ProfileViewController.swift; sourceTree = "<group>"; };
		154EEFCF28A404EA00F95954 /* PlayerViewController.swift */ = {isa = PBXFileReference; lastKnownFileType = sourcecode.swift; path = PlayerViewController.swift; sourceTree = "<group>"; };
		154EEFD128A4051100F95954 /* PlayListViewController.swift */ = {isa = PBXFileReference; lastKnownFileType = sourcecode.swift; path = PlayListViewController.swift; sourceTree = "<group>"; };
		154EEFD328A4052400F95954 /* SearchResultsViewController.swift */ = {isa = PBXFileReference; lastKnownFileType = sourcecode.swift; path = SearchResultsViewController.swift; sourceTree = "<group>"; };
		154EEFD528A4054B00F95954 /* AuthManager.swift */ = {isa = PBXFileReference; lastKnownFileType = sourcecode.swift; path = AuthManager.swift; sourceTree = "<group>"; };
		154EEFD728A4056900F95954 /* APIManager.swift */ = {isa = PBXFileReference; lastKnownFileType = sourcecode.swift; path = APIManager.swift; sourceTree = "<group>"; };
		154EEFD928A4057900F95954 /* HapticManager.swift */ = {isa = PBXFileReference; lastKnownFileType = sourcecode.swift; path = HapticManager.swift; sourceTree = "<group>"; };
		154EEFDB28A4059D00F95954 /* PlayList.swift */ = {isa = PBXFileReference; lastKnownFileType = sourcecode.swift; path = PlayList.swift; sourceTree = "<group>"; };
		154EEFDD28A405AA00F95954 /* AudioTrack.swift */ = {isa = PBXFileReference; lastKnownFileType = sourcecode.swift; path = AudioTrack.swift; sourceTree = "<group>"; };
		154EEFDF28A405B300F95954 /* Artist.swift */ = {isa = PBXFileReference; lastKnownFileType = sourcecode.swift; path = Artist.swift; sourceTree = "<group>"; };
		154EEFE128A405BD00F95954 /* UserProfile.swift */ = {isa = PBXFileReference; lastKnownFileType = sourcecode.swift; path = UserProfile.swift; sourceTree = "<group>"; };
		154EEFE328A413A000F95954 /* Extensions.swift */ = {isa = PBXFileReference; lastKnownFileType = sourcecode.swift; path = Extensions.swift; sourceTree = "<group>"; };
		154EEFE528A434D600F95954 /* AuthResponse.swift */ = {isa = PBXFileReference; lastKnownFileType = sourcecode.swift; path = AuthResponse.swift; sourceTree = "<group>"; };
		1560814328A679F500834293 /* SettingsModels.swift */ = {isa = PBXFileReference; lastKnownFileType = sourcecode.swift; path = SettingsModels.swift; sourceTree = "<group>"; };
		15B32B6728A7DD1000B2ED8C /* FeaturedPlaylistsResponse.swift */ = {isa = PBXFileReference; lastKnownFileType = sourcecode.swift; path = FeaturedPlaylistsResponse.swift; sourceTree = "<group>"; };
		15B32B6928A7E71A00B2ED8C /* RecommendedGenresResponse.swift */ = {isa = PBXFileReference; lastKnownFileType = sourcecode.swift; path = RecommendedGenresResponse.swift; sourceTree = "<group>"; };
		15B32B6B28A7EB2C00B2ED8C /* RecommendationsResponse.swift */ = {isa = PBXFileReference; lastKnownFileType = sourcecode.swift; path = RecommendationsResponse.swift; sourceTree = "<group>"; };
		15F8DD69288DB6480006AFB8 /* SpotifyClone.app */ = {isa = PBXFileReference; explicitFileType = wrapper.application; includeInIndex = 0; path = SpotifyClone.app; sourceTree = BUILT_PRODUCTS_DIR; };
		15F8DD6C288DB6480006AFB8 /* AppDelegate.swift */ = {isa = PBXFileReference; lastKnownFileType = sourcecode.swift; path = AppDelegate.swift; sourceTree = "<group>"; };
		15F8DD6E288DB6480006AFB8 /* SceneDelegate.swift */ = {isa = PBXFileReference; lastKnownFileType = sourcecode.swift; path = SceneDelegate.swift; sourceTree = "<group>"; };
		15F8DD70288DB6480006AFB8 /* HomeViewController.swift */ = {isa = PBXFileReference; lastKnownFileType = sourcecode.swift; path = HomeViewController.swift; sourceTree = "<group>"; };
		15F8DD75288DB64A0006AFB8 /* Assets.xcassets */ = {isa = PBXFileReference; lastKnownFileType = folder.assetcatalog; path = Assets.xcassets; sourceTree = "<group>"; };
		15F8DD78288DB64A0006AFB8 /* Base */ = {isa = PBXFileReference; lastKnownFileType = file.storyboard; name = Base; path = Base.lproj/LaunchScreen.storyboard; sourceTree = "<group>"; };
		15F8DD7A288DB64A0006AFB8 /* Info.plist */ = {isa = PBXFileReference; lastKnownFileType = text.plist.xml; path = Info.plist; sourceTree = "<group>"; };
/* End PBXFileReference section */

/* Begin PBXFrameworksBuildPhase section */
		15F8DD66288DB6480006AFB8 /* Frameworks */ = {
			isa = PBXFrameworksBuildPhase;
			buildActionMask = 2147483647;
			files = (
				158F375928A6BFBF00555473 /* SDWebImage in Frameworks */,
			);
			runOnlyForDeploymentPostprocessing = 0;
		};
/* End PBXFrameworksBuildPhase section */

/* Begin PBXGroup section */
		154EEFB928A4021000F95954 /* Views */ = {
			isa = PBXGroup;
			children = (
				15F8DD77288DB64A0006AFB8 /* LaunchScreen.storyboard */,
			);
			path = Views;
			sourceTree = "<group>";
		};
		154EEFBA28A4021A00F95954 /* Controllers */ = {
			isa = PBXGroup;
			children = (
				154EEFC628A4049500F95954 /* Others */,
				154EEFC528A4046A00F95954 /* Core */,
			);
			path = Controllers;
			sourceTree = "<group>";
		};
		154EEFBB28A4022500F95954 /* Models */ = {
			isa = PBXGroup;
			children = (
				154EEFDB28A4059D00F95954 /* PlayList.swift */,
				154EEFDD28A405AA00F95954 /* AudioTrack.swift */,
				154EEFDF28A405B300F95954 /* Artist.swift */,
				154EEFE128A405BD00F95954 /* UserProfile.swift */,
				154EEFE528A434D600F95954 /* AuthResponse.swift */,
				1560814328A679F500834293 /* SettingsModels.swift */,
				154E309828A7C62600BFF1E0 /* NewReleasesResponse.swift */,
				154E309A28A7D50E00BFF1E0 /* APIImage.swift */,
				15B32B6728A7DD1000B2ED8C /* FeaturedPlaylistsResponse.swift */,
				15B32B6928A7E71A00B2ED8C /* RecommendedGenresResponse.swift */,
				15B32B6B28A7EB2C00B2ED8C /* RecommendationsResponse.swift */,
			);
			path = Models;
			sourceTree = "<group>";
		};
		154EEFBC28A4022D00F95954 /* Managers */ = {
			isa = PBXGroup;
			children = (
				154EEFD528A4054B00F95954 /* AuthManager.swift */,
				154EEFD728A4056900F95954 /* APIManager.swift */,
				154EEFD928A4057900F95954 /* HapticManager.swift */,
			);
			path = Managers;
			sourceTree = "<group>";
		};
		154EEFBD28A4023400F95954 /* ViewModels */ = {
			isa = PBXGroup;
			children = (
			);
			path = ViewModels;
			sourceTree = "<group>";
		};
		154EEFBE28A4024100F95954 /* Resources */ = {
			isa = PBXGroup;
			children = (
				15F8DD6C288DB6480006AFB8 /* AppDelegate.swift */,
				15F8DD6E288DB6480006AFB8 /* SceneDelegate.swift */,
				154EEFE328A413A000F95954 /* Extensions.swift */,
				15F8DD75288DB64A0006AFB8 /* Assets.xcassets */,
			);
			path = Resources;
			sourceTree = "<group>";
		};
		154EEFC528A4046A00F95954 /* Core */ = {
			isa = PBXGroup;
			children = (
				154EEFBF28A4041700F95954 /* TabBarViewController.swift */,
				15F8DD70288DB6480006AFB8 /* HomeViewController.swift */,
				154EEFC128A4044E00F95954 /* SearchViewController.swift */,
				154EEFC328A4046600F95954 /* LibraryViewController.swift */,
			);
			path = Core;
			sourceTree = "<group>";
		};
		154EEFC628A4049500F95954 /* Others */ = {
			isa = PBXGroup;
			children = (
				154EEFC928A404AB00F95954 /* WelcomeViewController.swift */,
				154EEFC728A404A200F95954 /* AuthViewController.swift */,
				154EEFCD28A404E000F95954 /* ProfileViewController.swift */,
				154EEFCB28A404C900F95954 /* SettingsViewController.swift */,
				154EEFCF28A404EA00F95954 /* PlayerViewController.swift */,
				154EEFD128A4051100F95954 /* PlayListViewController.swift */,
				154EEFD328A4052400F95954 /* SearchResultsViewController.swift */,
			);
			path = Others;
			sourceTree = "<group>";
		};
		15F8DD60288DB6480006AFB8 = {
			isa = PBXGroup;
			children = (
				15F8DD6B288DB6480006AFB8 /* SpotifyClone */,
				15F8DD6A288DB6480006AFB8 /* Products */,
			);
			sourceTree = "<group>";
		};
		15F8DD6A288DB6480006AFB8 /* Products */ = {
			isa = PBXGroup;
			children = (
				15F8DD69288DB6480006AFB8 /* SpotifyClone.app */,
			);
			name = Products;
			sourceTree = "<group>";
		};
		15F8DD6B288DB6480006AFB8 /* SpotifyClone */ = {
			isa = PBXGroup;
			children = (
				154EEFBE28A4024100F95954 /* Resources */,
				154EEFBD28A4023400F95954 /* ViewModels */,
				154EEFBC28A4022D00F95954 /* Managers */,
				154EEFBB28A4022500F95954 /* Models */,
				154EEFBA28A4021A00F95954 /* Controllers */,
				154EEFB928A4021000F95954 /* Views */,
				15F8DD7A288DB64A0006AFB8 /* Info.plist */,
			);
			path = SpotifyClone;
			sourceTree = "<group>";
		};
/* End PBXGroup section */

/* Begin PBXNativeTarget section */
		15F8DD68288DB6480006AFB8 /* SpotifyClone */ = {
			isa = PBXNativeTarget;
			buildConfigurationList = 15F8DD7D288DB64A0006AFB8 /* Build configuration list for PBXNativeTarget "SpotifyClone" */;
			buildPhases = (
				15F8DD65288DB6480006AFB8 /* Sources */,
				15F8DD66288DB6480006AFB8 /* Frameworks */,
				15F8DD67288DB6480006AFB8 /* Resources */,
			);
			buildRules = (
			);
			dependencies = (
			);
			name = SpotifyClone;
			packageProductDependencies = (
				158F375828A6BFBF00555473 /* SDWebImage */,
			);
			productName = "Spotify Clone";
			productReference = 15F8DD69288DB6480006AFB8 /* SpotifyClone.app */;
			productType = "com.apple.product-type.application";
		};
/* End PBXNativeTarget section */

/* Begin PBXProject section */
		15F8DD61288DB6480006AFB8 /* Project object */ = {
			isa = PBXProject;
			attributes = {
				BuildIndependentTargetsInParallel = 1;
				LastSwiftUpdateCheck = 1340;
				LastUpgradeCheck = 1340;
				TargetAttributes = {
					15F8DD68288DB6480006AFB8 = {
						CreatedOnToolsVersion = 13.4.1;
						LastSwiftMigration = 1340;
					};
				};
			};
			buildConfigurationList = 15F8DD64288DB6480006AFB8 /* Build configuration list for PBXProject "SpotifyClone" */;
			compatibilityVersion = "Xcode 13.0";
			developmentRegion = en;
			hasScannedForEncodings = 0;
			knownRegions = (
				en,
				Base,
			);
			mainGroup = 15F8DD60288DB6480006AFB8;
			packageReferences = (
				158F375728A6BFBF00555473 /* XCRemoteSwiftPackageReference "SDWebImage" */,
			);
			productRefGroup = 15F8DD6A288DB6480006AFB8 /* Products */;
			projectDirPath = "";
			projectRoot = "";
			targets = (
				15F8DD68288DB6480006AFB8 /* SpotifyClone */,
			);
		};
/* End PBXProject section */

/* Begin PBXResourcesBuildPhase section */
		15F8DD67288DB6480006AFB8 /* Resources */ = {
			isa = PBXResourcesBuildPhase;
			buildActionMask = 2147483647;
			files = (
				15F8DD79288DB64A0006AFB8 /* LaunchScreen.storyboard in Resources */,
				15F8DD76288DB64A0006AFB8 /* Assets.xcassets in Resources */,
			);
			runOnlyForDeploymentPostprocessing = 0;
		};
/* End PBXResourcesBuildPhase section */

/* Begin PBXSourcesBuildPhase section */
		15F8DD65288DB6480006AFB8 /* Sources */ = {
			isa = PBXSourcesBuildPhase;
			buildActionMask = 2147483647;
			files = (
				154EEFC228A4044E00F95954 /* SearchViewController.swift in Sources */,
				154EEFD628A4054B00F95954 /* AuthManager.swift in Sources */,
				154E309928A7C62600BFF1E0 /* NewReleasesResponse.swift in Sources */,
				154EEFDA28A4057900F95954 /* HapticManager.swift in Sources */,
				154E309B28A7D50E00BFF1E0 /* APIImage.swift in Sources */,
				154EEFD428A4052400F95954 /* SearchResultsViewController.swift in Sources */,
				154EEFCA28A404AB00F95954 /* WelcomeViewController.swift in Sources */,
				154EEFCE28A404E000F95954 /* ProfileViewController.swift in Sources */,
				154EEFC028A4041700F95954 /* TabBarViewController.swift in Sources */,
				15F8DD71288DB6480006AFB8 /* HomeViewController.swift in Sources */,
				154EEFE628A434D600F95954 /* AuthResponse.swift in Sources */,
				15B32B6C28A7EB2C00B2ED8C /* RecommendationsResponse.swift in Sources */,
				154EEFDE28A405AA00F95954 /* AudioTrack.swift in Sources */,
				154EEFC828A404A200F95954 /* AuthViewController.swift in Sources */,
				154EEFDC28A4059D00F95954 /* PlayList.swift in Sources */,
				15F8DD6D288DB6480006AFB8 /* AppDelegate.swift in Sources */,
				154EEFE228A405BD00F95954 /* UserProfile.swift in Sources */,
				154EEFE428A413A000F95954 /* Extensions.swift in Sources */,
				154EEFC428A4046600F95954 /* LibraryViewController.swift in Sources */,
				154EEFE028A405B300F95954 /* Artist.swift in Sources */,
				1560814428A679F500834293 /* SettingsModels.swift in Sources */,
				154EEFD228A4051100F95954 /* PlayListViewController.swift in Sources */,
				15F8DD6F288DB6480006AFB8 /* SceneDelegate.swift in Sources */,
				154EEFD828A4056900F95954 /* APIManager.swift in Sources */,
				154EEFD028A404EA00F95954 /* PlayerViewController.swift in Sources */,
				15B32B6828A7DD1000B2ED8C /* FeaturedPlaylistsResponse.swift in Sources */,
				154EEFCC28A404C900F95954 /* SettingsViewController.swift in Sources */,
				15B32B6A28A7E71A00B2ED8C /* RecommendedGenresResponse.swift in Sources */,
			);
			runOnlyForDeploymentPostprocessing = 0;
		};
/* End PBXSourcesBuildPhase section */

/* Begin PBXVariantGroup section */
		15F8DD77288DB64A0006AFB8 /* LaunchScreen.storyboard */ = {
			isa = PBXVariantGroup;
			children = (
				15F8DD78288DB64A0006AFB8 /* Base */,
			);
			name = LaunchScreen.storyboard;
			sourceTree = "<group>";
		};
/* End PBXVariantGroup section */

/* Begin XCBuildConfiguration section */
		15F8DD7B288DB64A0006AFB8 /* Debug */ = {
			isa = XCBuildConfiguration;
			buildSettings = {
				ALWAYS_SEARCH_USER_PATHS = NO;
				CLANG_ANALYZER_NONNULL = YES;
				CLANG_ANALYZER_NUMBER_OBJECT_CONVERSION = YES_AGGRESSIVE;
				CLANG_CXX_LANGUAGE_STANDARD = "gnu++17";
				CLANG_ENABLE_MODULES = YES;
				CLANG_ENABLE_OBJC_ARC = YES;
				CLANG_ENABLE_OBJC_WEAK = YES;
				CLANG_WARN_BLOCK_CAPTURE_AUTORELEASING = YES;
				CLANG_WARN_BOOL_CONVERSION = YES;
				CLANG_WARN_COMMA = YES;
				CLANG_WARN_CONSTANT_CONVERSION = YES;
				CLANG_WARN_DEPRECATED_OBJC_IMPLEMENTATIONS = YES;
				CLANG_WARN_DIRECT_OBJC_ISA_USAGE = YES_ERROR;
				CLANG_WARN_DOCUMENTATION_COMMENTS = YES;
				CLANG_WARN_EMPTY_BODY = YES;
				CLANG_WARN_ENUM_CONVERSION = YES;
				CLANG_WARN_INFINITE_RECURSION = YES;
				CLANG_WARN_INT_CONVERSION = YES;
				CLANG_WARN_NON_LITERAL_NULL_CONVERSION = YES;
				CLANG_WARN_OBJC_IMPLICIT_RETAIN_SELF = YES;
				CLANG_WARN_OBJC_LITERAL_CONVERSION = YES;
				CLANG_WARN_OBJC_ROOT_CLASS = YES_ERROR;
				CLANG_WARN_QUOTED_INCLUDE_IN_FRAMEWORK_HEADER = YES;
				CLANG_WARN_RANGE_LOOP_ANALYSIS = YES;
				CLANG_WARN_STRICT_PROTOTYPES = YES;
				CLANG_WARN_SUSPICIOUS_MOVE = YES;
				CLANG_WARN_UNGUARDED_AVAILABILITY = YES_AGGRESSIVE;
				CLANG_WARN_UNREACHABLE_CODE = YES;
				CLANG_WARN__DUPLICATE_METHOD_MATCH = YES;
				COPY_PHASE_STRIP = NO;
				DEBUG_INFORMATION_FORMAT = dwarf;
				ENABLE_STRICT_OBJC_MSGSEND = YES;
				ENABLE_TESTABILITY = YES;
				GCC_C_LANGUAGE_STANDARD = gnu11;
				GCC_DYNAMIC_NO_PIC = NO;
				GCC_NO_COMMON_BLOCKS = YES;
				GCC_OPTIMIZATION_LEVEL = 0;
				GCC_PREPROCESSOR_DEFINITIONS = (
					"DEBUG=1",
					"$(inherited)",
				);
				GCC_WARN_64_TO_32_BIT_CONVERSION = YES;
				GCC_WARN_ABOUT_RETURN_TYPE = YES_ERROR;
				GCC_WARN_UNDECLARED_SELECTOR = YES;
				GCC_WARN_UNINITIALIZED_AUTOS = YES_AGGRESSIVE;
				GCC_WARN_UNUSED_FUNCTION = YES;
				GCC_WARN_UNUSED_VARIABLE = YES;
				IPHONEOS_DEPLOYMENT_TARGET = 15.5;
				MTL_ENABLE_DEBUG_INFO = INCLUDE_SOURCE;
				MTL_FAST_MATH = YES;
				ONLY_ACTIVE_ARCH = YES;
				SDKROOT = iphoneos;
				SWIFT_ACTIVE_COMPILATION_CONDITIONS = DEBUG;
				SWIFT_OPTIMIZATION_LEVEL = "-Onone";
			};
			name = Debug;
		};
		15F8DD7C288DB64A0006AFB8 /* Release */ = {
			isa = XCBuildConfiguration;
			buildSettings = {
				ALWAYS_SEARCH_USER_PATHS = NO;
				CLANG_ANALYZER_NONNULL = YES;
				CLANG_ANALYZER_NUMBER_OBJECT_CONVERSION = YES_AGGRESSIVE;
				CLANG_CXX_LANGUAGE_STANDARD = "gnu++17";
				CLANG_ENABLE_MODULES = YES;
				CLANG_ENABLE_OBJC_ARC = YES;
				CLANG_ENABLE_OBJC_WEAK = YES;
				CLANG_WARN_BLOCK_CAPTURE_AUTORELEASING = YES;
				CLANG_WARN_BOOL_CONVERSION = YES;
				CLANG_WARN_COMMA = YES;
				CLANG_WARN_CONSTANT_CONVERSION = YES;
				CLANG_WARN_DEPRECATED_OBJC_IMPLEMENTATIONS = YES;
				CLANG_WARN_DIRECT_OBJC_ISA_USAGE = YES_ERROR;
				CLANG_WARN_DOCUMENTATION_COMMENTS = YES;
				CLANG_WARN_EMPTY_BODY = YES;
				CLANG_WARN_ENUM_CONVERSION = YES;
				CLANG_WARN_INFINITE_RECURSION = YES;
				CLANG_WARN_INT_CONVERSION = YES;
				CLANG_WARN_NON_LITERAL_NULL_CONVERSION = YES;
				CLANG_WARN_OBJC_IMPLICIT_RETAIN_SELF = YES;
				CLANG_WARN_OBJC_LITERAL_CONVERSION = YES;
				CLANG_WARN_OBJC_ROOT_CLASS = YES_ERROR;
				CLANG_WARN_QUOTED_INCLUDE_IN_FRAMEWORK_HEADER = YES;
				CLANG_WARN_RANGE_LOOP_ANALYSIS = YES;
				CLANG_WARN_STRICT_PROTOTYPES = YES;
				CLANG_WARN_SUSPICIOUS_MOVE = YES;
				CLANG_WARN_UNGUARDED_AVAILABILITY = YES_AGGRESSIVE;
				CLANG_WARN_UNREACHABLE_CODE = YES;
				CLANG_WARN__DUPLICATE_METHOD_MATCH = YES;
				COPY_PHASE_STRIP = NO;
				DEBUG_INFORMATION_FORMAT = "dwarf-with-dsym";
				ENABLE_NS_ASSERTIONS = NO;
				ENABLE_STRICT_OBJC_MSGSEND = YES;
				GCC_C_LANGUAGE_STANDARD = gnu11;
				GCC_NO_COMMON_BLOCKS = YES;
				GCC_WARN_64_TO_32_BIT_CONVERSION = YES;
				GCC_WARN_ABOUT_RETURN_TYPE = YES_ERROR;
				GCC_WARN_UNDECLARED_SELECTOR = YES;
				GCC_WARN_UNINITIALIZED_AUTOS = YES_AGGRESSIVE;
				GCC_WARN_UNUSED_FUNCTION = YES;
				GCC_WARN_UNUSED_VARIABLE = YES;
				IPHONEOS_DEPLOYMENT_TARGET = 15.5;
				MTL_ENABLE_DEBUG_INFO = NO;
				MTL_FAST_MATH = YES;
				SDKROOT = iphoneos;
				SWIFT_COMPILATION_MODE = wholemodule;
				SWIFT_OPTIMIZATION_LEVEL = "-O";
				VALIDATE_PRODUCT = YES;
			};
			name = Release;
		};
		15F8DD7E288DB64A0006AFB8 /* Debug */ = {
			isa = XCBuildConfiguration;
			buildSettings = {
				ASSETCATALOG_COMPILER_APPICON_NAME = AppIcon;
				ASSETCATALOG_COMPILER_GLOBAL_ACCENT_COLOR_NAME = AccentColor;
				CLANG_ENABLE_MODULES = YES;
				CODE_SIGN_STYLE = Automatic;
				CURRENT_PROJECT_VERSION = 1;
				DEVELOPMENT_TEAM = 6H545JDNRG;
				GENERATE_INFOPLIST_FILE = YES;
				"INFOPLIST_FILE[sdk=*]" = /Users/alpsu/Desktop/SpotifyClone/SpotifyClone/Info.plist;
				INFOPLIST_KEY_UIApplicationSupportsIndirectInputEvents = YES;
				INFOPLIST_KEY_UILaunchStoryboardName = LaunchScreen;
				INFOPLIST_KEY_UISupportedInterfaceOrientations_iPad = "UIInterfaceOrientationPortrait UIInterfaceOrientationPortraitUpsideDown UIInterfaceOrientationLandscapeLeft UIInterfaceOrientationLandscapeRight";
				INFOPLIST_KEY_UISupportedInterfaceOrientations_iPhone = "UIInterfaceOrientationPortrait UIInterfaceOrientationLandscapeLeft UIInterfaceOrientationLandscapeRight";
				LD_RUNPATH_SEARCH_PATHS = (
					"$(inherited)",
					"@executable_path/Frameworks",
				);
				MARKETING_VERSION = 1.0;
				PRODUCT_BUNDLE_IDENTIFIER = "com.alpsu.Spotify-Clone";
				PRODUCT_NAME = "$(TARGET_NAME)";
				SWIFT_EMIT_LOC_STRINGS = YES;
				SWIFT_OPTIMIZATION_LEVEL = "-Onone";
				SWIFT_VERSION = 5.0;
				TARGETED_DEVICE_FAMILY = "1,2";
			};
			name = Debug;
		};
		15F8DD7F288DB64A0006AFB8 /* Release */ = {
			isa = XCBuildConfiguration;
			buildSettings = {
				ASSETCATALOG_COMPILER_APPICON_NAME = AppIcon;
				ASSETCATALOG_COMPILER_GLOBAL_ACCENT_COLOR_NAME = AccentColor;
				CLANG_ENABLE_MODULES = YES;
				CODE_SIGN_STYLE = Automatic;
				CURRENT_PROJECT_VERSION = 1;
				DEVELOPMENT_TEAM = 6H545JDNRG;
				GENERATE_INFOPLIST_FILE = YES;
				"INFOPLIST_FILE[sdk=*]" = /Users/alpsu/Desktop/SpotifyClone/SpotifyClone/Info.plist;
				INFOPLIST_KEY_UIApplicationSupportsIndirectInputEvents = YES;
				INFOPLIST_KEY_UILaunchStoryboardName = LaunchScreen;
				INFOPLIST_KEY_UISupportedInterfaceOrientations_iPad = "UIInterfaceOrientationPortrait UIInterfaceOrientationPortraitUpsideDown UIInterfaceOrientationLandscapeLeft UIInterfaceOrientationLandscapeRight";
				INFOPLIST_KEY_UISupportedInterfaceOrientations_iPhone = "UIInterfaceOrientationPortrait UIInterfaceOrientationLandscapeLeft UIInterfaceOrientationLandscapeRight";
				LD_RUNPATH_SEARCH_PATHS = (
					"$(inherited)",
					"@executable_path/Frameworks",
				);
				MARKETING_VERSION = 1.0;
				PRODUCT_BUNDLE_IDENTIFIER = "com.alpsu.Spotify-Clone";
				PRODUCT_NAME = "$(TARGET_NAME)";
				SWIFT_EMIT_LOC_STRINGS = YES;
				SWIFT_VERSION = 5.0;
				TARGETED_DEVICE_FAMILY = "1,2";
			};
			name = Release;
		};
/* End XCBuildConfiguration section */

/* Begin XCConfigurationList section */
		15F8DD64288DB6480006AFB8 /* Build configuration list for PBXProject "SpotifyClone" */ = {
			isa = XCConfigurationList;
			buildConfigurations = (
				15F8DD7B288DB64A0006AFB8 /* Debug */,
				15F8DD7C288DB64A0006AFB8 /* Release */,
			);
			defaultConfigurationIsVisible = 0;
			defaultConfigurationName = Release;
		};
		15F8DD7D288DB64A0006AFB8 /* Build configuration list for PBXNativeTarget "SpotifyClone" */ = {
			isa = XCConfigurationList;
			buildConfigurations = (
				15F8DD7E288DB64A0006AFB8 /* Debug */,
				15F8DD7F288DB64A0006AFB8 /* Release */,
			);
			defaultConfigurationIsVisible = 0;
			defaultConfigurationName = Release;
		};
/* End XCConfigurationList section */

/* Begin XCRemoteSwiftPackageReference section */
		158F375728A6BFBF00555473 /* XCRemoteSwiftPackageReference "SDWebImage" */ = {
			isa = XCRemoteSwiftPackageReference;
			repositoryURL = "https://github.com/SDWebImage/SDWebImage";
			requirement = {
				kind = upToNextMajorVersion;
				minimumVersion = 5.0.0;
			};
		};
/* End XCRemoteSwiftPackageReference section */

/* Begin XCSwiftPackageProductDependency section */
		158F375828A6BFBF00555473 /* SDWebImage */ = {
			isa = XCSwiftPackageProductDependency;
			package = 158F375728A6BFBF00555473 /* XCRemoteSwiftPackageReference "SDWebImage" */;
			productName = SDWebImage;
		};
/* End XCSwiftPackageProductDependency section */
	};
	rootObject = 15F8DD61288DB6480006AFB8 /* Project object */;
}
